// !$*UTF8*$!
{
	archiveVersion = 1;
	classes = {
	};
	objectVersion = 46;
	objects = {

/* Begin PBXBuildFile section */
		CCA0DEA019C60D1300390801 /* AppDelegate.swift in Sources */ = {isa = PBXBuildFile; fileRef = CCA0DE9F19C60D1300390801 /* AppDelegate.swift */; };
		CCA0DEA219C60D1300390801 /* ViewController.swift in Sources */ = {isa = PBXBuildFile; fileRef = CCA0DEA119C60D1300390801 /* ViewController.swift */; };
		CCA0DEA519C60D1300390801 /* Main.storyboard in Resources */ = {isa = PBXBuildFile; fileRef = CCA0DEA319C60D1300390801 /* Main.storyboard */; };
		CCA0DEA719C60D1300390801 /* Images.xcassets in Resources */ = {isa = PBXBuildFile; fileRef = CCA0DEA619C60D1300390801 /* Images.xcassets */; };
		CCA0DEB319C60D1300390801 /* AgeOfDogTests.swift in Sources */ = {isa = PBXBuildFile; fileRef = CCA0DEB219C60D1300390801 /* AgeOfDogTests.swift */; };
/* End PBXBuildFile section */

/* Begin PBXContainerItemProxy section */
		CCA0DEAD19C60D1300390801 /* PBXContainerItemProxy */ = {
			isa = PBXContainerItemProxy;
			containerPortal = CCA0DE9219C60D1300390801 /* Project object */;
			proxyType = 1;
			remoteGlobalIDString = CCA0DE9919C60D1300390801;
			remoteInfo = AgeOfDog;
		};
/* End PBXContainerItemProxy section */

/* Begin PBXFileReference section */
		CCA0DE9A19C60D1300390801 /* AgeOfDog.app */ = {isa = PBXFileReference; explicitFileType = wrapper.application; includeInIndex = 0; path = AgeOfDog.app; sourceTree = BUILT_PRODUCTS_DIR; };
		CCA0DE9E19C60D1300390801 /* Info.plist */ = {isa = PBXFileReference; lastKnownFileType = text.plist.xml; path = Info.plist; sourceTree = "<group>"; };
		CCA0DE9F19C60D1300390801 /* AppDelegate.swift */ = {isa = PBXFileReference; lastKnownFileType = sourcecode.swift; path = AppDelegate.swift; sourceTree = "<group>"; };
		CCA0DEA119C60D1300390801 /* ViewController.swift */ = {isa = PBXFileReference; lastKnownFileType = sourcecode.swift; path = ViewController.swift; sourceTree = "<group>"; };
		CCA0DEA419C60D1300390801 /* Base */ = {isa = PBXFileReference; lastKnownFileType = file.storyboard; name = Base; path = Base.lproj/Main.storyboard; sourceTree = "<group>"; };
		CCA0DEA619C60D1300390801 /* Images.xcassets */ = {isa = PBXFileReference; lastKnownFileType = folder.assetcatalog; path = Images.xcassets; sourceTree = "<group>"; };
		CCA0DEAC19C60D1300390801 /* AgeOfDogTests.xctest */ = {isa = PBXFileReference; explicitFileType = wrapper.cfbundle; includeInIndex = 0; path = AgeOfDogTests.xctest; sourceTree = BUILT_PRODUCTS_DIR; };
		CCA0DEB119C60D1300390801 /* Info.plist */ = {isa = PBXFileReference; lastKnownFileType = text.plist.xml; path = Info.plist; sourceTree = "<group>"; };
		CCA0DEB219C60D1300390801 /* AgeOfDogTests.swift */ = {isa = PBXFileReference; lastKnownFileType = sourcecode.swift; path = AgeOfDogTests.swift; sourceTree = "<group>"; };
/* End PBXFileReference section */

/* Begin PBXFrameworksBuildPhase section */
		CCA0DE9719C60D1300390801 /* Frameworks */ = {
			isa = PBXFrameworksBuildPhase;
			buildActionMask = 2147483647;
			files = (
			);
			runOnlyForDeploymentPostprocessing = 0;
		};
		CCA0DEA919C60D1300390801 /* Frameworks */ = {
			isa = PBXFrameworksBuildPhase;
			buildActionMask = 2147483647;
			files = (
			);
			runOnlyForDeploymentPostprocessing = 0;
		};
/* End PBXFrameworksBuildPhase section */

/* Begin PBXGroup section */
		CCA0DE9119C60D1300390801 = {
			isa = PBXGroup;
			children = (
				CCA0DE9C19C60D1300390801 /* AgeOfDog */,
				CCA0DEAF19C60D1300390801 /* AgeOfDogTests */,
				CCA0DE9B19C60D1300390801 /* Products */,
			);
			sourceTree = "<group>";
		};
		CCA0DE9B19C60D1300390801 /* Products */ = {
			isa = PBXGroup;
			children = (
				CCA0DE9A19C60D1300390801 /* AgeOfDog.app */,
				CCA0DEAC19C60D1300390801 /* AgeOfDogTests.xctest */,
			);
			name = Products;
			sourceTree = "<group>";
		};
		CCA0DE9C19C60D1300390801 /* AgeOfDog */ = {
			isa = PBXGroup;
			children = (
				CCA0DE9F19C60D1300390801 /* AppDelegate.swift */,
				CCA0DEA119C60D1300390801 /* ViewController.swift */,
				CCA0DEA319C60D1300390801 /* Main.storyboard */,
				CCA0DEA619C60D1300390801 /* Images.xcassets */,
				CCA0DE9D19C60D1300390801 /* Supporting Files */,
			);
			path = AgeOfDog;
			sourceTree = "<group>";
		};
		CCA0DE9D19C60D1300390801 /* Supporting Files */ = {
			isa = PBXGroup;
			children = (
				CCA0DE9E19C60D1300390801 /* Info.plist */,
			);
			name = "Supporting Files";
			sourceTree = "<group>";
		};
		CCA0DEAF19C60D1300390801 /* AgeOfDogTests */ = {
			isa = PBXGroup;
			children = (
				CCA0DEB219C60D1300390801 /* AgeOfDogTests.swift */,
				CCA0DEB019C60D1300390801 /* Supporting Files */,
			);
			path = AgeOfDogTests;
			sourceTree = "<group>";
		};
		CCA0DEB019C60D1300390801 /* Supporting Files */ = {
			isa = PBXGroup;
			children = (
				CCA0DEB119C60D1300390801 /* Info.plist */,
			);
			name = "Supporting Files";
			sourceTree = "<group>";
		};
/* End PBXGroup section */

/* Begin PBXNativeTarget section */
		CCA0DE9919C60D1300390801 /* AgeOfDog */ = {
			isa = PBXNativeTarget;
			buildConfigurationList = CCA0DEB619C60D1300390801 /* Build configuration list for PBXNativeTarget "AgeOfDog" */;
			buildPhases = (
				CCA0DE9619C60D1300390801 /* Sources */,
				CCA0DE9719C60D1300390801 /* Frameworks */,
				CCA0DE9819C60D1300390801 /* Resources */,
			);
			buildRules = (
			);
			dependencies = (
			);
			name = AgeOfDog;
			productName = AgeOfDog;
			productReference = CCA0DE9A19C60D1300390801 /* AgeOfDog.app */;
			productType = "com.apple.product-type.application";
		};
		CCA0DEAB19C60D1300390801 /* AgeOfDogTests */ = {
			isa = PBXNativeTarget;
			buildConfigurationList = CCA0DEB919C60D1300390801 /* Build configuration list for PBXNativeTarget "AgeOfDogTests" */;
			buildPhases = (
				CCA0DEA819C60D1300390801 /* Sources */,
				CCA0DEA919C60D1300390801 /* Frameworks */,
				CCA0DEAA19C60D1300390801 /* Resources */,
			);
			buildRules = (
			);
			dependencies = (
				CCA0DEAE19C60D1300390801 /* PBXTargetDependency */,
			);
			name = AgeOfDogTests;
			productName = AgeOfDogTests;
			productReference = CCA0DEAC19C60D1300390801 /* AgeOfDogTests.xctest */;
			productType = "com.apple.product-type.bundle.unit-test";
		};
/* End PBXNativeTarget section */

/* Begin PBXProject section */
		CCA0DE9219C60D1300390801 /* Project object */ = {
			isa = PBXProject;
			attributes = {
				LastUpgradeCheck = 0600;
				ORGANIZATIONNAME = "Tom Brunkow";
				TargetAttributes = {
					CCA0DE9919C60D1300390801 = {
						CreatedOnToolsVersion = 6.0;
					};
					CCA0DEAB19C60D1300390801 = {
						CreatedOnToolsVersion = 6.0;
						TestTargetID = CCA0DE9919C60D1300390801;
					};
				};
			};
			buildConfigurationList = CCA0DE9519C60D1300390801 /* Build configuration list for PBXProject "AgeOfDog" */;
			compatibilityVersion = "Xcode 3.2";
			developmentRegion = English;
			hasScannedForEncodings = 0;
			knownRegions = (
				en,
				Base,
			);
			mainGroup = CCA0DE9119C60D1300390801;
			productRefGroup = CCA0DE9B19C60D1300390801 /* Products */;
			projectDirPath = "";
			projectRoot = "";
			targets = (
				CCA0DE9919C60D1300390801 /* AgeOfDog */,
				CCA0DEAB19C60D1300390801 /* AgeOfDogTests */,
			);
		};
/* End PBXProject section */

/* Begin PBXResourcesBuildPhase section */
		CCA0DE9819C60D1300390801 /* Resources */ = {
			isa = PBXResourcesBuildPhase;
			buildActionMask = 2147483647;
			files = (
				CCA0DEA519C60D1300390801 /* Main.storyboard in Resources */,
				CCA0DEA719C60D1300390801 /* Images.xcassets in Resources */,
			);
			runOnlyForDeploymentPostprocessing = 0;
		};
		CCA0DEAA19C60D1300390801 /* Resources */ = {
			isa = PBXResourcesBuildPhase;
			buildActionMask = 2147483647;
			files = (
			);
			runOnlyForDeploymentPostprocessing = 0;
		};
/* End PBXResourcesBuildPhase section */

/* Begin PBXSourcesBuildPhase section */
		CCA0DE9619C60D1300390801 /* Sources */ = {
			isa = PBXSourcesBuildPhase;
			buildActionMask = 2147483647;
			files = (
				CCA0DEA219C60D1300390801 /* ViewController.swift in Sources */,
				CCA0DEA019C60D1300390801 /* AppDelegate.swift in Sources */,
			);
			runOnlyForDeploymentPostprocessing = 0;
		};
		CCA0DEA819C60D1300390801 /* Sources */ = {
			isa = PBXSourcesBuildPhase;
			buildActionMask = 2147483647;
			files = (
				CCA0DEB319C60D1300390801 /* AgeOfDogTests.swift in Sources */,
			);
			runOnlyForDeploymentPostprocessing = 0;
		};
/* End PBXSourcesBuildPhase section */

/* Begin PBXTargetDependency section */
		CCA0DEAE19C60D1300390801 /* PBXTargetDependency */ = {
			isa = PBXTargetDependency;
			target = CCA0DE9919C60D1300390801 /* AgeOfDog */;
			targetProxy = CCA0DEAD19C60D1300390801 /* PBXContainerItemProxy */;
		};
/* End PBXTargetDependency section */

/* Begin PBXVariantGroup section */
		CCA0DEA319C60D1300390801 /* Main.storyboard */ = {
			isa = PBXVariantGroup;
			children = (
				CCA0DEA419C60D1300390801 /* Base */,
			);
			name = Main.storyboard;
			sourceTree = "<group>";
		};
/* End PBXVariantGroup section */

/* Begin XCBuildConfiguration section */
		CCA0DEB419C60D1300390801 /* Debug */ = {
			isa = XCBuildConfiguration;
			buildSettings = {
				ALWAYS_SEARCH_USER_PATHS = NO;
				CLANG_CXX_LANGUAGE_STANDARD = "gnu++0x";
				CLANG_CXX_LIBRARY = "libc++";
				CLANG_ENABLE_MODULES = YES;
				CLANG_ENABLE_OBJC_ARC = YES;
				CLANG_WARN_BOOL_CONVERSION = YES;
				CLANG_WARN_CONSTANT_CONVERSION = YES;
				CLANG_WARN_DIRECT_OBJC_ISA_USAGE = YES_ERROR;
				CLANG_WARN_EMPTY_BODY = YES;
				CLANG_WARN_ENUM_CONVERSION = YES;
				CLANG_WARN_INT_CONVERSION = YES;
				CLANG_WARN_OBJC_ROOT_CLASS = YES_ERROR;
				CLANG_WARN_UNREACHABLE_CODE = YES;
				CLANG_WARN__DUPLICATE_METHOD_MATCH = YES;
				"CODE_SIGN_IDENTITY[sdk=iphoneos*]" = "iPhone Developer";
				COPY_PHASE_STRIP = NO;
				ENABLE_STRICT_OBJC_MSGSEND = YES;
				GCC_C_LANGUAGE_STANDARD = gnu99;
				GCC_DYNAMIC_NO_PIC = NO;
				GCC_OPTIMIZATION_LEVEL = 0;
				GCC_PREPROCESSOR_DEFINITIONS = (
					"DEBUG=1",
					"$(inherited)",
				);
				GCC_SYMBOLS_PRIVATE_EXTERN = NO;
				GCC_WARN_64_TO_32_BIT_CONVERSION = YES;
				GCC_WARN_ABOUT_RETURN_TYPE = YES_ERROR;
				GCC_WARN_UNDECLARED_SELECTOR = YES;
				GCC_WARN_UNINITIALIZED_AUTOS = YES_AGGRESSIVE;
				GCC_WARN_UNUSED_FUNCTION = YES;
				GCC_WARN_UNUSED_VARIABLE = YES;
				IPHONEOS_DEPLOYMENT_TARGET = 8.0;
				MTL_ENABLE_DEBUG_INFO = YES;
				ONLY_ACTIVE_ARCH = YES;
				SDKROOT = iphoneos;
				SWIFT_OPTIMIZATION_LEVEL = "-Onone";
			};
			name = Debug;
		};
		CCA0DEB519C60D1300390801 /* Release */ = {
			isa = XCBuildConfiguration;
			buildSettings = {
				ALWAYS_SEARCH_USER_PATHS = NO;
				CLANG_CXX_LANGUAGE_STANDARD = "gnu++0x";
				CLANG_CXX_LIBRARY = "libc++";
				CLANG_ENABLE_MODULES = YES;
				CLANG_ENABLE_OBJC_ARC = YES;
				CLANG_WARN_BOOL_CONVERSION = YES;
				CLANG_WARN_CONSTANT_CONVERSION = YES;
				CLANG_WARN_DIRECT_OBJC_ISA_USAGE = YES_ERROR;
				CLANG_WARN_EMPTY_BODY = YES;
				CLANG_WARN_ENUM_CONVERSION = YES;
				CLANG_WARN_INT_CONVERSION = YES;
				CLANG_WARN_OBJC_ROOT_CLASS = YES_ERROR;
				CLANG_WARN_UNREACHABLE_CODE = YES;
				CLANG_WARN__DUPLICATE_METHOD_MATCH = YES;
				"CODE_SIGN_IDENTITY[sdk=iphoneos*]" = "iPhone Developer";
				COPY_PHASE_STRIP = YES;
				ENABLE_NS_ASSERTIONS = NO;
				ENABLE_STRICT_OBJC_MSGSEND = YES;
				GCC_C_LANGUAGE_STANDARD = gnu99;
				GCC_WARN_64_TO_32_BIT_CONVERSION = YES;
				GCC_WARN_ABOUT_RETURN_TYPE = YES_ERROR;
				GCC_WARN_UNDECLARED_SELECTOR = YES;
				GCC_WARN_UNINITIALIZED_AUTOS = YES_AGGRESSIVE;
				GCC_WARN_UNUSED_FUNCTION = YES;
				GCC_WARN_UNUSED_VARIABLE = YES;
				IPHONEOS_DEPLOYMENT_TARGET = 8.0;
				MTL_ENABLE_DEBUG_INFO = NO;
				SDKROOT = iphoneos;
				VALIDATE_PRODUCT = YES;
			};
			name = Release;
		};
		CCA0DEB719C60D1300390801 /* Debug */ = {
			isa = XCBuildConfiguration;
			buildSettings = {
				ASSETCATALOG_COMPILER_APPICON_NAME = AppIcon;
				ASSETCATALOG_COMPILER_LAUNCHIMAGE_NAME = LaunchImage;
				INFOPLIST_FILE = AgeOfDog/Info.plist;
				LD_RUNPATH_SEARCH_PATHS = "$(inherited) @executable_path/Frameworks";
				PRODUCT_NAME = "$(TARGET_NAME)";
			};
			name = Debug;
		};
		CCA0DEB819C60D1300390801 /* Release */ = {
			isa = XCBuildConfiguration;
			buildSettings = {
				ASSETCATALOG_COMPILER_APPICON_NAME = AppIcon;
				ASSETCATALOG_COMPILER_LAUNCHIMAGE_NAME = LaunchImage;
				INFOPLIST_FILE = AgeOfDog/Info.plist;
				LD_RUNPATH_SEARCH_PATHS = "$(inherited) @executable_path/Frameworks";
				PRODUCT_NAME = "$(TARGET_NAME)";
			};
			name = Release;
		};
		CCA0DEBA19C60D1300390801 /* Debug */ = {
			isa = XCBuildConfiguration;
			buildSettings = {
				BUNDLE_LOADER = "$(TEST_HOST)";
				FRAMEWORK_SEARCH_PATHS = (
					"$(SDKROOT)/Developer/Library/Frameworks",
					"$(inherited)",
				);
				GCC_PREPROCESSOR_DEFINITIONS = (
					"DEBUG=1",
					"$(inherited)",
				);
				INFOPLIST_FILE = AgeOfDogTests/Info.plist;
				LD_RUNPATH_SEARCH_PATHS = "$(inherited) @executable_path/Frameworks @loader_path/Frameworks";
				PRODUCT_NAME = "$(TARGET_NAME)";
				TEST_HOST = "$(BUILT_PRODUCTS_DIR)/AgeOfDog.app/AgeOfDog";
			};
			name = Debug;
		};
		CCA0DEBB19C60D1300390801 /* Release */ = {
			isa = XCBuildConfiguration;
			buildSettings = {
				BUNDLE_LOADER = "$(TEST_HOST)";
				FRAMEWORK_SEARCH_PATHS = (
					"$(SDKROOT)/Developer/Library/Frameworks",
					"$(inherited)",
				);
				INFOPLIST_FILE = AgeOfDogTests/Info.plist;
				LD_RUNPATH_SEARCH_PATHS = "$(inherited) @executable_path/Frameworks @loader_path/Frameworks";
				PRODUCT_NAME = "$(TARGET_NAME)";
				TEST_HOST = "$(BUILT_PRODUCTS_DIR)/AgeOfDog.app/AgeOfDog";
			};
			name = Release;
		};
/* End XCBuildConfiguration section */

/* Begin XCConfigurationList section */
		CCA0DE9519C60D1300390801 /* Build configuration list for PBXProject "AgeOfDog" */ = {
			isa = XCConfigurationList;
			buildConfigurations = (
				CCA0DEB419C60D1300390801 /* Debug */,
				CCA0DEB519C60D1300390801 /* Release */,
			);
			defaultConfigurationIsVisible = 0;
			defaultConfigurationName = Release;
		};
		CCA0DEB619C60D1300390801 /* Build configuration list for PBXNativeTarget "AgeOfDog" */ = {
			isa = XCConfigurationList;
			buildConfigurations = (
				CCA0DEB719C60D1300390801 /* Debug */,
				CCA0DEB819C60D1300390801 /* Release */,
			);
			defaultConfigurationIsVisible = 0;
		};
		CCA0DEB919C60D1300390801 /* Build configuration list for PBXNativeTarget "AgeOfDogTests" */ = {
			isa = XCConfigurationList;
			buildConfigurations = (
				CCA0DEBA19C60D1300390801 /* Debug */,
				CCA0DEBB19C60D1300390801 /* Release */,
			);
			defaultConfigurationIsVisible = 0;
		};
/* End XCConfigurationList section */
	};
	rootObject = CCA0DE9219C60D1300390801 /* Project object */;
}
